
Microsoft Visual Studio Solution File, Format Version 12.00
# Visual Studio Version 17
VisualStudioVersion = 17.8.34309.116
MinimumVisualStudioVersion = 10.0.40219.1
Project("{9A19103F-16F7-4668-BE54-9A1E7A4F7556}") = "CMSprinkle", "CMSprinkle\CMSprinkle.csproj", "{F0E7CBE8-D231-41DD-B069-DFB1F225B300}"
EndProject
Project("{9A19103F-16F7-4668-BE54-9A1E7A4F7556}") = "CMSprinkle.Example", "CMSprinkle.Example\CMSprinkle.Example.csproj", "{77AE70B0-AEFF-4D6B-A54C-C32902133D4B}"
EndProject
Project("{9A19103F-16F7-4668-BE54-9A1E7A4F7556}") = "CMSprinkle.Tests", "CMSprinkle.Tests\CMSprinkle.Tests.csproj", "{A18E0330-A995-46A4-AF0C-A5CD28030FF5}"
EndProject
Project("{2150E333-8FDC-42A3-9474-1A3956D46DE8}") = "Solution Items", "Solution Items", "{6E737739-7076-433C-8B04-16071B0CA24F}"
	ProjectSection(SolutionItems) = preProject
		CODE_OF_CONDUCT.md = CODE_OF_CONDUCT.md
		CONTRIBUTING.md = CONTRIBUTING.md
		LICENSE.md = LICENSE.md
		README.md = README.md
	EndProjectSection
EndProject
Project("{9A19103F-16F7-4668-BE54-9A1E7A4F7556}") = "CMSprinkle.Couchbase", "CMSprinkle.Couchbase\CMSprinkle.Couchbase.csproj", "{7C9E715A-94C3-4B88-992C-BF4AB47C1920}"
EndProject
Project("{9A19103F-16F7-4668-BE54-9A1E7A4F7556}") = "CMSprinkle.SqlServer", "CMSprinkle.SqlServer\CMSprinkle.SqlServer.csproj", "{57C0855A-1EB1-4DAC-8C2C-BEADD61C8528}"
EndProject
Project("{9A19103F-16F7-4668-BE54-9A1E7A4F7556}") = "CMSprinkle.Couchbase.Tests", "CMSprinkle.Couchbase.Tests\CMSprinkle.Couchbase.Tests.csproj", "{DF2C0867-D6FE-4201-AA82-999372217D51}"
EndProject
Project("{9A19103F-16F7-4668-BE54-9A1E7A4F7556}") = "CMSprinkle.SqlServer.Tests", "CMSprinkle.SqlServer.Tests\CMSprinkle.SqlServer.Tests.csproj", "{65E8F693-36A3-4936-99A5-A3F465A9593A}"
EndProject
Global
	GlobalSection(SolutionConfigurationPlatforms) = preSolution
		Debug|Any CPU = Debug|Any CPU
		Release|Any CPU = Release|Any CPU
	EndGlobalSection
	GlobalSection(ProjectConfigurationPlatforms) = postSolution
		{F0E7CBE8-D231-41DD-B069-DFB1F225B300}.Debug|Any CPU.ActiveCfg = Debug|Any CPU
		{F0E7CBE8-D231-41DD-B069-DFB1F225B300}.Debug|Any CPU.Build.0 = Debug|Any CPU
		{F0E7CBE8-D231-41DD-B069-DFB1F225B300}.Release|Any CPU.ActiveCfg = Release|Any CPU
		{F0E7CBE8-D231-41DD-B069-DFB1F225B300}.Release|Any CPU.Build.0 = Release|Any CPU
		{77AE70B0-AEFF-4D6B-A54C-C32902133D4B}.Debug|Any CPU.ActiveCfg = Debug|Any CPU
		{77AE70B0-AEFF-4D6B-A54C-C32902133D4B}.Debug|Any CPU.Build.0 = Debug|Any CPU
		{77AE70B0-AEFF-4D6B-A54C-C32902133D4B}.Release|Any CPU.ActiveCfg = Release|Any CPU
		{77AE70B0-AEFF-4D6B-A54C-C32902133D4B}.Release|Any CPU.Build.0 = Release|Any CPU
		{A18E0330-A995-46A4-AF0C-A5CD28030FF5}.Debug|Any CPU.ActiveCfg = Debug|Any CPU
		{A18E0330-A995-46A4-AF0C-A5CD28030FF5}.Debug|Any CPU.Build.0 = Debug|Any CPU
		{A18E0330-A995-46A4-AF0C-A5CD28030FF5}.Release|Any CPU.ActiveCfg = Release|Any CPU
		{A18E0330-A995-46A4-AF0C-A5CD28030FF5}.Release|Any CPU.Build.0 = Release|Any CPU
		{7C9E715A-94C3-4B88-992C-BF4AB47C1920}.Debug|Any CPU.ActiveCfg = Debug|Any CPU
		{7C9E715A-94C3-4B88-992C-BF4AB47C1920}.Debug|Any CPU.Build.0 = Debug|Any CPU
		{7C9E715A-94C3-4B88-992C-BF4AB47C1920}.Release|Any CPU.ActiveCfg = Release|Any CPU
		{7C9E715A-94C3-4B88-992C-BF4AB47C1920}.Release|Any CPU.Build.0 = Release|Any CPU
		{57C0855A-1EB1-4DAC-8C2C-BEADD61C8528}.Debug|Any CPU.ActiveCfg = Debug|Any CPU
		{57C0855A-1EB1-4DAC-8C2C-BEADD61C8528}.Debug|Any CPU.Build.0 = Debug|Any CPU
		{57C0855A-1EB1-4DAC-8C2C-BEADD61C8528}.Release|Any CPU.ActiveCfg = Release|Any CPU
		{57C0855A-1EB1-4DAC-8C2C-BEADD61C8528}.Release|Any CPU.Build.0 = Release|Any CPU
		{DF2C0867-D6FE-4201-AA82-999372217D51}.Debug|Any CPU.ActiveCfg = Debug|Any CPU
		{DF2C0867-D6FE-4201-AA82-999372217D51}.Debug|Any CPU.Build.0 = Debug|Any CPU
		{DF2C0867-D6FE-4201-AA82-999372217D51}.Release|Any CPU.ActiveCfg = Release|Any CPU
		{DF2C0867-D6FE-4201-AA82-999372217D51}.Release|Any CPU.Build.0 = Release|Any CPU
		{65E8F693-36A3-4936-99A5-A3F465A9593A}.Debug|Any CPU.ActiveCfg = Debug|Any CPU
		{65E8F693-36A3-4936-99A5-A3F465A9593A}.Debug|Any CPU.Build.0 = Debug|Any CPU
		{65E8F693-36A3-4936-99A5-A3F465A9593A}.Release|Any CPU.ActiveCfg = Release|Any CPU
		{65E8F693-36A3-4936-99A5-A3F465A9593A}.Release|Any CPU.Build.0 = Release|Any CPU
	EndGlobalSection
	GlobalSection(SolutionProperties) = preSolution
		HideSolutionNode = FALSE
	EndGlobalSection
	GlobalSection(ExtensibilityGlobals) = postSolution
		SolutionGuid = {5663E94F-3C08-45D3-967E-58020B346409}
	EndGlobalSection
EndGlobal
